
Microsoft Visual Studio Solution File, Format Version 12.00
# Visual Studio Version 17
VisualStudioVersion = 17.3.32922.545
MinimumVisualStudioVersion = 10.0.40219.1
Project("{FAE04EC0-301F-11D3-BF4B-00C04F79EFBC}") = "Day03", "Day03.csproj", "{68784F9C-2797-4546-892B-62FFF473C0FD}"
EndProject
Global
	GlobalSection(SolutionConfigurationPlatforms) = preSolution
		Debug|Any CPU = Debug|Any CPU
		Release|Any CPU = Release|Any CPU
	EndGlobalSection
	GlobalSection(ProjectConfigurationPlatforms) = postSolution
		{68784F9C-2797-4546-892B-62FFF473C0FD}.Debug|Any CPU.ActiveCfg = Debug|Any CPU
		{68784F9C-2797-4546-892B-62FFF473C0FD}.Debug|Any CPU.Build.0 = Debug|Any CPU
		{68784F9C-2797-4546-892B-62FFF473C0FD}.Release|Any CPU.ActiveCfg = Release|Any CPU
		{68784F9C-2797-4546-892B-62FFF473C0FD}.Release|Any CPU.Build.0 = Release|Any CPU
	EndGlobalSection
	GlobalSection(SolutionProperties) = preSolution
		HideSolutionNode = FALSE
	EndGlobalSection
	GlobalSection(ExtensibilityGlobals) = postSolution
		SolutionGuid = {28824D1C-6B60-46BC-9FAF-3E80049C4C79}
	EndGlobalSection
EndGlobal
